
Microsoft Visual Studio Solution File, Format Version 11.00
# Visual Studio 2010
Project("{FAE04EC0-301F-11D3-BF4B-00C04F79EFBC}") = "UnityEngine.UI", "UnityEngine.UI.csproj", "{fa39d7bf-0842-f0c3-a1b6-cd47d9c88851}"
EndProject
Project("{FAE04EC0-301F-11D3-BF4B-00C04F79EFBC}") = "Unity.RenderPipelines.Core.Runtime", "Unity.RenderPipelines.Core.Runtime.csproj", "{07b699b8-50e6-094e-b0dc-eef518206858}"
EndProject
Project("{FAE04EC0-301F-11D3-BF4B-00C04F79EFBC}") = "UnityEngine.TestRunner", "UnityEngine.TestRunner.csproj", "{0f500317-8843-ae00-ce41-c4d4c436ee9c}"
EndProject
Project("{FAE04EC0-301F-11D3-BF4B-00C04F79EFBC}") = "Unity.VisualScripting.Flow", "Unity.VisualScripting.Flow.csproj", "{cead5d3d-cde8-a3e7-2ed0-651de803edef}"
EndProject
Project("{FAE04EC0-301F-11D3-BF4B-00C04F79EFBC}") = "Unity.Mathematics", "Unity.Mathematics.csproj", "{44a7cd8d-90cf-61ed-1147-ee98e61f0daf}"
EndProject
Project("{FAE04EC0-301F-11D3-BF4B-00C04F79EFBC}") = "Unity.VisualScripting.State", "Unity.VisualScripting.State.csproj", "{3a0f8730-0d68-4664-78c8-41c6b0d8fe6e}"
EndProject
Project("{FAE04EC0-301F-11D3-BF4B-00C04F79EFBC}") = "Unity.VisualScripting.Core", "Unity.VisualScripting.Core.csproj", "{adfcb8b8-63a2-c8a4-a5aa-3470a6bad18d}"
EndProject
Project("{FAE04EC0-301F-11D3-BF4B-00C04F79EFBC}") = "Unity.RenderPipelines.Universal.Runtime", "Unity.RenderPipelines.Universal.Runtime.csproj", "{0fa7fb3a-ebad-3a39-c04d-f3d4ea0541e7}"
EndProject
Project("{FAE04EC0-301F-11D3-BF4B-00C04F79EFBC}") = "Unity.Postprocessing.Runtime", "Unity.Postprocessing.Runtime.csproj", "{43dbc177-d777-e224-ecfa-652f66559fce}"
EndProject
Project("{FAE04EC0-301F-11D3-BF4B-00C04F79EFBC}") = "Unity.Burst", "Unity.Burst.csproj", "{ff4cab59-6517-b3d9-19c8-8d525718212e}"
EndProject
Project("{FAE04EC0-301F-11D3-BF4B-00C04F79EFBC}") = "Unity.TextMeshPro", "Unity.TextMeshPro.csproj", "{f45a7bb9-27d1-cc82-c141-dce894c8e8c6}"
EndProject
Project("{FAE04EC0-301F-11D3-BF4B-00C04F79EFBC}") = "Unity.Timeline", "Unity.Timeline.csproj", "{aa7bc406-408a-55d0-3682-bd9de6acf8ce}"
EndProject
Project("{FAE04EC0-301F-11D3-BF4B-00C04F79EFBC}") = "Assembly-CSharp", "Assembly-CSharp.csproj", "{55b4f5e4-a8ff-b00f-5930-07422d91a10b}"
EndProject
Project("{FAE04EC0-301F-11D3-BF4B-00C04F79EFBC}") = "Unity.RenderPipeline.Universal.ShaderLibrary", "Unity.RenderPipeline.Universal.ShaderLibrary.csproj", "{a9d14547-e6e8-51e0-8773-3948efd41699}"
EndProject
Project("{FAE04EC0-301F-11D3-BF4B-00C04F79EFBC}") = "Unity.RenderPipelines.Core.ShaderLibrary", "Unity.RenderPipelines.Core.ShaderLibrary.csproj", "{8b2f4610-1d83-e97e-6893-046ca002649e}"
EndProject
Project("{FAE04EC0-301F-11D3-BF4B-00C04F79EFBC}") = "Unity.RenderPipelines.Universal.Shaders", "Unity.RenderPipelines.Universal.Shaders.csproj", "{feae234f-f147-7204-a585-1762a93cd405}"
EndProject
Project("{FAE04EC0-301F-11D3-BF4B-00C04F79EFBC}") = "Unity.RenderPipelines.ShaderGraph.ShaderGraphLibrary", "Unity.RenderPipelines.ShaderGraph.ShaderGraphLibrary.csproj", "{69101811-f155-8682-b906-6a1aafa300ce}"
EndProject
Project("{FAE04EC0-301F-11D3-BF4B-00C04F79EFBC}") = "Unity.PlasticSCM.Editor", "Unity.PlasticSCM.Editor.csproj", "{70713248-8884-ca67-1a1b-48b955e968a6}"
EndProject
Project("{FAE04EC0-301F-11D3-BF4B-00C04F79EFBC}") = "Unity.VisualScripting.Core.Editor", "Unity.VisualScripting.Core.Editor.csproj", "{5441c61c-d85e-ccc2-73df-aa5f7371a053}"
EndProject
Project("{FAE04EC0-301F-11D3-BF4B-00C04F79EFBC}") = "Unity.VisualScripting.Flow.Editor", "Unity.VisualScripting.Flow.Editor.csproj", "{fc53098c-2af8-8a19-7da6-85aaef006235}"
EndProject
Project("{FAE04EC0-301F-11D3-BF4B-00C04F79EFBC}") = "Unity.ShaderGraph.Editor", "Unity.ShaderGraph.Editor.csproj", "{e7e24c49-e742-bb66-9957-8f6c03090231}"
EndProject
Project("{FAE04EC0-301F-11D3-BF4B-00C04F79EFBC}") = "Unity.VisualStudio.Editor", "Unity.VisualStudio.Editor.csproj", "{55307032-762b-12ca-d542-be43153ee90e}"
EndProject
Project("{FAE04EC0-301F-11D3-BF4B-00C04F79EFBC}") = "Unity.Timeline.Editor", "Unity.Timeline.Editor.csproj", "{0ab363ed-adba-27af-4f41-ae1a0147f73a}"
EndProject
Project("{FAE04EC0-301F-11D3-BF4B-00C04F79EFBC}") = "Unity.RenderPipelines.Universal.Editor", "Unity.RenderPipelines.Universal.Editor.csproj", "{382ae408-5389-175c-4ce6-a19932326f75}"
EndProject
Project("{FAE04EC0-301F-11D3-BF4B-00C04F79EFBC}") = "Unity.VisualScripting.State.Editor", "Unity.VisualScripting.State.Editor.csproj", "{ec2b2165-9e85-3a79-49b5-cac462463426}"
EndProject
Project("{FAE04EC0-301F-11D3-BF4B-00C04F79EFBC}") = "Unity.TextMeshPro.Editor", "Unity.TextMeshPro.Editor.csproj", "{e4485369-6a2a-fd58-7ede-a7ab4f0aa437}"
EndProject
Project("{FAE04EC0-301F-11D3-BF4B-00C04F79EFBC}") = "Unity.RenderPipelines.Core.Editor", "Unity.RenderPipelines.Core.Editor.csproj", "{c06e576f-cb5e-d0dc-b366-9208a2f768c5}"
EndProject
Project("{FAE04EC0-301F-11D3-BF4B-00C04F79EFBC}") = "Unity.VisualScripting.SettingsProvider.Editor", "Unity.VisualScripting.SettingsProvider.Editor.csproj", "{f64f9529-def5-dfc6-2ebb-c22151ff32f8}"
EndProject
Project("{FAE04EC0-301F-11D3-BF4B-00C04F79EFBC}") = "Unity.Postprocessing.Editor", "Unity.Postprocessing.Editor.csproj", "{d051d405-3b5f-7193-7a50-7f7e7ec4a356}"
EndProject
Project("{FAE04EC0-301F-11D3-BF4B-00C04F79EFBC}") = "UnityEditor.TestRunner", "UnityEditor.TestRunner.csproj", "{efd18a79-65b7-54fe-ad2a-dd3fa8831e13}"
EndProject
Project("{FAE04EC0-301F-11D3-BF4B-00C04F79EFBC}") = "Unity.TestTools.CodeCoverage.Editor", "Unity.TestTools.CodeCoverage.Editor.csproj", "{de876a9e-2ec9-cb70-82f7-e755c6925037}"
EndProject
Project("{FAE04EC0-301F-11D3-BF4B-00C04F79EFBC}") = "Unity.Rider.Editor", "Unity.Rider.Editor.csproj", "{e0b18229-6f8e-a90f-be6a-4531cd55ed4e}"
EndProject
Project("{FAE04EC0-301F-11D3-BF4B-00C04F79EFBC}") = "Unity.Performance.Profile-Analyzer.Editor", "Unity.Performance.Profile-Analyzer.Editor.csproj", "{f7233029-739d-00f5-1822-8d7f905659ea}"
EndProject
Project("{FAE04EC0-301F-11D3-BF4B-00C04F79EFBC}") = "Unity.Searcher.Editor", "Unity.Searcher.Editor.csproj", "{3b96f5e6-a66f-1856-c92c-82eeb7a49415}"
EndProject
Project("{FAE04EC0-301F-11D3-BF4B-00C04F79EFBC}") = "Unity.Burst.CodeGen", "Unity.Burst.CodeGen.csproj", "{9301c520-beda-cd38-75be-c9b6b697baf3}"
EndProject
Project("{FAE04EC0-301F-11D3-BF4B-00C04F79EFBC}") = "Unity.VSCode.Editor", "Unity.VSCode.Editor.csproj", "{c2ac522b-357a-92ce-0d6b-58bd26c62c8a}"
EndProject
Project("{FAE04EC0-301F-11D3-BF4B-00C04F79EFBC}") = "UnityEditor.UI", "UnityEditor.UI.csproj", "{42be319c-3321-d9a2-c4d5-688a0c010e62}"
EndProject
Project("{FAE04EC0-301F-11D3-BF4B-00C04F79EFBC}") = "Unity.TestTools.CodeCoverage.Editor.OpenCover.Model", "Unity.TestTools.CodeCoverage.Editor.OpenCover.Model.csproj", "{7fe1bafe-b641-85df-7d36-7207811dc860}"
EndProject
Project("{FAE04EC0-301F-11D3-BF4B-00C04F79EFBC}") = "Unity.EditorCoroutines.Editor", "Unity.EditorCoroutines.Editor.csproj", "{849aeb55-8050-f72d-511f-c4cb3c719c7d}"
EndProject
Project("{FAE04EC0-301F-11D3-BF4B-00C04F79EFBC}") = "Unity.Settings.Editor", "Unity.Settings.Editor.csproj", "{a2a10b80-836a-263e-95a2-3833e2340dc0}"
EndProject
Project("{FAE04EC0-301F-11D3-BF4B-00C04F79EFBC}") = "PPv2URPConverters", "PPv2URPConverters.csproj", "{ecb1a21e-aeb0-64de-2027-e5c49fa38021}"
EndProject
Project("{FAE04EC0-301F-11D3-BF4B-00C04F79EFBC}") = "Unity.CollabProxy.Editor", "Unity.CollabProxy.Editor.csproj", "{4a06e5e9-1253-2c0b-b078-cbc768ae962e}"
EndProject
Project("{FAE04EC0-301F-11D3-BF4B-00C04F79EFBC}") = "Unity.Mathematics.Editor", "Unity.Mathematics.Editor.csproj", "{11df2dbe-8784-73cc-5a13-fab58ff23cea}"
EndProject
Project("{FAE04EC0-301F-11D3-BF4B-00C04F79EFBC}") = "Unity.Burst.Editor", "Unity.Burst.Editor.csproj", "{bbad00d5-1412-ed28-dedd-7d8d96d77f66}"
EndProject
Project("{FAE04EC0-301F-11D3-BF4B-00C04F79EFBC}") = "Unity.ShaderGraph.Utilities", "Unity.ShaderGraph.Utilities.csproj", "{ce055cf0-b667-1d5e-6ba0-7c4f46a6eede}"
EndProject
Project("{FAE04EC0-301F-11D3-BF4B-00C04F79EFBC}") = "Unity.TestTools.CodeCoverage.Editor.OpenCover.Mono.Reflection", "Unity.TestTools.CodeCoverage.Editor.OpenCover.Mono.Reflection.csproj", "{edcd5cf6-af1a-808d-4e31-d9b873c435db}"
EndProject
Project("{FAE04EC0-301F-11D3-BF4B-00C04F79EFBC}") = "Unity.VisualScripting.Shared.Editor", "Unity.VisualScripting.Shared.Editor.csproj", "{28b92482-000b-31bc-eb11-8d5d6c1b5fef}"
EndProject
Global
	GlobalSection(SolutionConfigurationPlatforms) = preSolution
		Debug|Any CPU = Debug|Any CPU
	EndGlobalSection
	GlobalSection(ProjectConfigurationPlatforms) = postSolution
		{fa39d7bf-0842-f0c3-a1b6-cd47d9c88851}.Debug|Any CPU.ActiveCfg = Debug|Any CPU
		{fa39d7bf-0842-f0c3-a1b6-cd47d9c88851}.Debug|Any CPU.Build.0 = Debug|Any CPU
		{07b699b8-50e6-094e-b0dc-eef518206858}.Debug|Any CPU.ActiveCfg = Debug|Any CPU
		{07b699b8-50e6-094e-b0dc-eef518206858}.Debug|Any CPU.Build.0 = Debug|Any CPU
		{0f500317-8843-ae00-ce41-c4d4c436ee9c}.Debug|Any CPU.ActiveCfg = Debug|Any CPU
		{0f500317-8843-ae00-ce41-c4d4c436ee9c}.Debug|Any CPU.Build.0 = Debug|Any CPU
		{cead5d3d-cde8-a3e7-2ed0-651de803edef}.Debug|Any CPU.ActiveCfg = Debug|Any CPU
		{cead5d3d-cde8-a3e7-2ed0-651de803edef}.Debug|Any CPU.Build.0 = Debug|Any CPU
		{44a7cd8d-90cf-61ed-1147-ee98e61f0daf}.Debug|Any CPU.ActiveCfg = Debug|Any CPU
		{44a7cd8d-90cf-61ed-1147-ee98e61f0daf}.Debug|Any CPU.Build.0 = Debug|Any CPU
		{3a0f8730-0d68-4664-78c8-41c6b0d8fe6e}.Debug|Any CPU.ActiveCfg = Debug|Any CPU
		{3a0f8730-0d68-4664-78c8-41c6b0d8fe6e}.Debug|Any CPU.Build.0 = Debug|Any CPU
		{adfcb8b8-63a2-c8a4-a5aa-3470a6bad18d}.Debug|Any CPU.ActiveCfg = Debug|Any CPU
		{adfcb8b8-63a2-c8a4-a5aa-3470a6bad18d}.Debug|Any CPU.Build.0 = Debug|Any CPU
		{0fa7fb3a-ebad-3a39-c04d-f3d4ea0541e7}.Debug|Any CPU.ActiveCfg = Debug|Any CPU
		{0fa7fb3a-ebad-3a39-c04d-f3d4ea0541e7}.Debug|Any CPU.Build.0 = Debug|Any CPU
		{43dbc177-d777-e224-ecfa-652f66559fce}.Debug|Any CPU.ActiveCfg = Debug|Any CPU
		{43dbc177-d777-e224-ecfa-652f66559fce}.Debug|Any CPU.Build.0 = Debug|Any CPU
		{ff4cab59-6517-b3d9-19c8-8d525718212e}.Debug|Any CPU.ActiveCfg = Debug|Any CPU
		{ff4cab59-6517-b3d9-19c8-8d525718212e}.Debug|Any CPU.Build.0 = Debug|Any CPU
		{f45a7bb9-27d1-cc82-c141-dce894c8e8c6}.Debug|Any CPU.ActiveCfg = Debug|Any CPU
		{f45a7bb9-27d1-cc82-c141-dce894c8e8c6}.Debug|Any CPU.Build.0 = Debug|Any CPU
		{aa7bc406-408a-55d0-3682-bd9de6acf8ce}.Debug|Any CPU.ActiveCfg = Debug|Any CPU
		{aa7bc406-408a-55d0-3682-bd9de6acf8ce}.Debug|Any CPU.Build.0 = Debug|Any CPU
		{55b4f5e4-a8ff-b00f-5930-07422d91a10b}.Debug|Any CPU.ActiveCfg = Debug|Any CPU
		{55b4f5e4-a8ff-b00f-5930-07422d91a10b}.Debug|Any CPU.Build.0 = Debug|Any CPU
		{a9d14547-e6e8-51e0-8773-3948efd41699}.Debug|Any CPU.ActiveCfg = Debug|Any CPU
		{a9d14547-e6e8-51e0-8773-3948efd41699}.Debug|Any CPU.Build.0 = Debug|Any CPU
		{8b2f4610-1d83-e97e-6893-046ca002649e}.Debug|Any CPU.ActiveCfg = Debug|Any CPU
		{8b2f4610-1d83-e97e-6893-046ca002649e}.Debug|Any CPU.Build.0 = Debug|Any CPU
		{feae234f-f147-7204-a585-1762a93cd405}.Debug|Any CPU.ActiveCfg = Debug|Any CPU
		{feae234f-f147-7204-a585-1762a93cd405}.Debug|Any CPU.Build.0 = Debug|Any CPU
		{69101811-f155-8682-b906-6a1aafa300ce}.Debug|Any CPU.ActiveCfg = Debug|Any CPU
		{69101811-f155-8682-b906-6a1aafa300ce}.Debug|Any CPU.Build.0 = Debug|Any CPU
		{70713248-8884-ca67-1a1b-48b955e968a6}.Debug|Any CPU.ActiveCfg = Debug|Any CPU
		{70713248-8884-ca67-1a1b-48b955e968a6}.Debug|Any CPU.Build.0 = Debug|Any CPU
		{5441c61c-d85e-ccc2-73df-aa5f7371a053}.Debug|Any CPU.ActiveCfg = Debug|Any CPU
		{5441c61c-d85e-ccc2-73df-aa5f7371a053}.Debug|Any CPU.Build.0 = Debug|Any CPU
		{fc53098c-2af8-8a19-7da6-85aaef006235}.Debug|Any CPU.ActiveCfg = Debug|Any CPU
		{fc53098c-2af8-8a19-7da6-85aaef006235}.Debug|Any CPU.Build.0 = Debug|Any CPU
		{e7e24c49-e742-bb66-9957-8f6c03090231}.Debug|Any CPU.ActiveCfg = Debug|Any CPU
		{e7e24c49-e742-bb66-9957-8f6c03090231}.Debug|Any CPU.Build.0 = Debug|Any CPU
		{55307032-762b-12ca-d542-be43153ee90e}.Debug|Any CPU.ActiveCfg = Debug|Any CPU
		{55307032-762b-12ca-d542-be43153ee90e}.Debug|Any CPU.Build.0 = Debug|Any CPU
		{0ab363ed-adba-27af-4f41-ae1a0147f73a}.Debug|Any CPU.ActiveCfg = Debug|Any CPU
		{0ab363ed-adba-27af-4f41-ae1a0147f73a}.Debug|Any CPU.Build.0 = Debug|Any CPU
		{382ae408-5389-175c-4ce6-a19932326f75}.Debug|Any CPU.ActiveCfg = Debug|Any CPU
		{382ae408-5389-175c-4ce6-a19932326f75}.Debug|Any CPU.Build.0 = Debug|Any CPU
		{ec2b2165-9e85-3a79-49b5-cac462463426}.Debug|Any CPU.ActiveCfg = Debug|Any CPU
		{ec2b2165-9e85-3a79-49b5-cac462463426}.Debug|Any CPU.Build.0 = Debug|Any CPU
		{e4485369-6a2a-fd58-7ede-a7ab4f0aa437}.Debug|Any CPU.ActiveCfg = Debug|Any CPU
		{e4485369-6a2a-fd58-7ede-a7ab4f0aa437}.Debug|Any CPU.Build.0 = Debug|Any CPU
		{c06e576f-cb5e-d0dc-b366-9208a2f768c5}.Debug|Any CPU.ActiveCfg = Debug|Any CPU
		{c06e576f-cb5e-d0dc-b366-9208a2f768c5}.Debug|Any CPU.Build.0 = Debug|Any CPU
		{f64f9529-def5-dfc6-2ebb-c22151ff32f8}.Debug|Any CPU.ActiveCfg = Debug|Any CPU
		{f64f9529-def5-dfc6-2ebb-c22151ff32f8}.Debug|Any CPU.Build.0 = Debug|Any CPU
		{d051d405-3b5f-7193-7a50-7f7e7ec4a356}.Debug|Any CPU.ActiveCfg = Debug|Any CPU
		{d051d405-3b5f-7193-7a50-7f7e7ec4a356}.Debug|Any CPU.Build.0 = Debug|Any CPU
		{efd18a79-65b7-54fe-ad2a-dd3fa8831e13}.Debug|Any CPU.ActiveCfg = Debug|Any CPU
		{efd18a79-65b7-54fe-ad2a-dd3fa8831e13}.Debug|Any CPU.Build.0 = Debug|Any CPU
		{de876a9e-2ec9-cb70-82f7-e755c6925037}.Debug|Any CPU.ActiveCfg = Debug|Any CPU
		{de876a9e-2ec9-cb70-82f7-e755c6925037}.Debug|Any CPU.Build.0 = Debug|Any CPU
		{e0b18229-6f8e-a90f-be6a-4531cd55ed4e}.Debug|Any CPU.ActiveCfg = Debug|Any CPU
		{e0b18229-6f8e-a90f-be6a-4531cd55ed4e}.Debug|Any CPU.Build.0 = Debug|Any CPU
		{f7233029-739d-00f5-1822-8d7f905659ea}.Debug|Any CPU.ActiveCfg = Debug|Any CPU
		{f7233029-739d-00f5-1822-8d7f905659ea}.Debug|Any CPU.Build.0 = Debug|Any CPU
		{3b96f5e6-a66f-1856-c92c-82eeb7a49415}.Debug|Any CPU.ActiveCfg = Debug|Any CPU
		{3b96f5e6-a66f-1856-c92c-82eeb7a49415}.Debug|Any CPU.Build.0 = Debug|Any CPU
		{9301c520-beda-cd38-75be-c9b6b697baf3}.Debug|Any CPU.ActiveCfg = Debug|Any CPU
		{9301c520-beda-cd38-75be-c9b6b697baf3}.Debug|Any CPU.Build.0 = Debug|Any CPU
		{c2ac522b-357a-92ce-0d6b-58bd26c62c8a}.Debug|Any CPU.ActiveCfg = Debug|Any CPU
		{c2ac522b-357a-92ce-0d6b-58bd26c62c8a}.Debug|Any CPU.Build.0 = Debug|Any CPU
		{42be319c-3321-d9a2-c4d5-688a0c010e62}.Debug|Any CPU.ActiveCfg = Debug|Any CPU
		{42be319c-3321-d9a2-c4d5-688a0c010e62}.Debug|Any CPU.Build.0 = Debug|Any CPU
		{7fe1bafe-b641-85df-7d36-7207811dc860}.Debug|Any CPU.ActiveCfg = Debug|Any CPU
		{7fe1bafe-b641-85df-7d36-7207811dc860}.Debug|Any CPU.Build.0 = Debug|Any CPU
		{849aeb55-8050-f72d-511f-c4cb3c719c7d}.Debug|Any CPU.ActiveCfg = Debug|Any CPU
		{849aeb55-8050-f72d-511f-c4cb3c719c7d}.Debug|Any CPU.Build.0 = Debug|Any CPU
		{a2a10b80-836a-263e-95a2-3833e2340dc0}.Debug|Any CPU.ActiveCfg = Debug|Any CPU
		{a2a10b80-836a-263e-95a2-3833e2340dc0}.Debug|Any CPU.Build.0 = Debug|Any CPU
		{ecb1a21e-aeb0-64de-2027-e5c49fa38021}.Debug|Any CPU.ActiveCfg = Debug|Any CPU
		{ecb1a21e-aeb0-64de-2027-e5c49fa38021}.Debug|Any CPU.Build.0 = Debug|Any CPU
		{4a06e5e9-1253-2c0b-b078-cbc768ae962e}.Debug|Any CPU.ActiveCfg = Debug|Any CPU
		{4a06e5e9-1253-2c0b-b078-cbc768ae962e}.Debug|Any CPU.Build.0 = Debug|Any CPU
		{11df2dbe-8784-73cc-5a13-fab58ff23cea}.Debug|Any CPU.ActiveCfg = Debug|Any CPU
		{11df2dbe-8784-73cc-5a13-fab58ff23cea}.Debug|Any CPU.Build.0 = Debug|Any CPU
		{bbad00d5-1412-ed28-dedd-7d8d96d77f66}.Debug|Any CPU.ActiveCfg = Debug|Any CPU
		{bbad00d5-1412-ed28-dedd-7d8d96d77f66}.Debug|Any CPU.Build.0 = Debug|Any CPU
		{ce055cf0-b667-1d5e-6ba0-7c4f46a6eede}.Debug|Any CPU.ActiveCfg = Debug|Any CPU
		{ce055cf0-b667-1d5e-6ba0-7c4f46a6eede}.Debug|Any CPU.Build.0 = Debug|Any CPU
		{edcd5cf6-af1a-808d-4e31-d9b873c435db}.Debug|Any CPU.ActiveCfg = Debug|Any CPU
		{edcd5cf6-af1a-808d-4e31-d9b873c435db}.Debug|Any CPU.Build.0 = Debug|Any CPU
		{28b92482-000b-31bc-eb11-8d5d6c1b5fef}.Debug|Any CPU.ActiveCfg = Debug|Any CPU
		{28b92482-000b-31bc-eb11-8d5d6c1b5fef}.Debug|Any CPU.Build.0 = Debug|Any CPU
	EndGlobalSection
	GlobalSection(SolutionProperties) = preSolution
		HideSolutionNode = FALSE
	EndGlobalSection
EndGlobal
